
Microsoft Visual Studio Solution File, Format Version 12.00
# Visual Studio Version 17
VisualStudioVersion = 17.0.31903.59
MinimumVisualStudioVersion = 10.0.40219.1
Project("{2150E333-8FDC-42A3-9474-1A3956D46DE8}") = "src", "src", "{827E0CD3-B72D-47B6-A68D-7590B98EB39B}"
EndProject
Project("{FAE04EC0-301F-11D3-BF4B-00C04F79EFBC}") = "EsoMcp.Core", "src\EsoMcp.Core\EsoMcp.Core.csproj", "{4FE4C4A7-213B-4397-94F1-6B97F990C0E7}"
EndProject
Project("{FAE04EC0-301F-11D3-BF4B-00C04F79EFBC}") = "EsoMcp.Import", "src\EsoMcp.Import\EsoMcp.Import.csproj", "{097179A4-7C79-4429-AA19-7B719408B109}"
EndProject
Project("{FAE04EC0-301F-11D3-BF4B-00C04F79EFBC}") = "EsoMcp.Server", "src\EsoMcp.Server\EsoMcp.Server.csproj", "{CCAB782C-4EAA-441B-8FCE-3D313C35FF03}"
EndProject
Project("{2150E333-8FDC-42A3-9474-1A3956D46DE8}") = "tests", "tests", "{0AB3BF05-4346-4AA6-1389-037BE0695223}"
EndProject
Project("{FAE04EC0-301F-11D3-BF4B-00C04F79EFBC}") = "EsoMcp.Tests", "tests\EsoMcp.Tests\EsoMcp.Tests.csproj", "{E39D8DF8-AC8A-49EF-A8C5-D12C6F6632C7}"
EndProject
Global
	GlobalSection(SolutionConfigurationPlatforms) = preSolution
		Debug|Any CPU = Debug|Any CPU
		Debug|x64 = Debug|x64
		Debug|x86 = Debug|x86
		Release|Any CPU = Release|Any CPU
		Release|x64 = Release|x64
		Release|x86 = Release|x86
	EndGlobalSection
	GlobalSection(ProjectConfigurationPlatforms) = postSolution
		{4FE4C4A7-213B-4397-94F1-6B97F990C0E7}.Debug|Any CPU.ActiveCfg = Debug|Any CPU
		{4FE4C4A7-213B-4397-94F1-6B97F990C0E7}.Debug|Any CPU.Build.0 = Debug|Any CPU
		{4FE4C4A7-213B-4397-94F1-6B97F990C0E7}.Debug|x64.ActiveCfg = Debug|Any CPU
		{4FE4C4A7-213B-4397-94F1-6B97F990C0E7}.Debug|x64.Build.0 = Debug|Any CPU
		{4FE4C4A7-213B-4397-94F1-6B97F990C0E7}.Debug|x86.ActiveCfg = Debug|Any CPU
		{4FE4C4A7-213B-4397-94F1-6B97F990C0E7}.Debug|x86.Build.0 = Debug|Any CPU
		{4FE4C4A7-213B-4397-94F1-6B97F990C0E7}.Release|Any CPU.ActiveCfg = Release|Any CPU
		{4FE4C4A7-213B-4397-94F1-6B97F990C0E7}.Release|Any CPU.Build.0 = Release|Any CPU
		{4FE4C4A7-213B-4397-94F1-6B97F990C0E7}.Release|x64.ActiveCfg = Release|Any CPU
		{4FE4C4A7-213B-4397-94F1-6B97F990C0E7}.Release|x64.Build.0 = Release|Any CPU
		{4FE4C4A7-213B-4397-94F1-6B97F990C0E7}.Release|x86.ActiveCfg = Release|Any CPU
		{4FE4C4A7-213B-4397-94F1-6B97F990C0E7}.Release|x86.Build.0 = Release|Any CPU
		{097179A4-7C79-4429-AA19-7B719408B109}.Debug|Any CPU.ActiveCfg = Debug|Any CPU
		{097179A4-7C79-4429-AA19-7B719408B109}.Debug|Any CPU.Build.0 = Debug|Any CPU
		{097179A4-7C79-4429-AA19-7B719408B109}.Debug|x64.ActiveCfg = Debug|Any CPU
		{097179A4-7C79-4429-AA19-7B719408B109}.Debug|x64.Build.0 = Debug|Any CPU
		{097179A4-7C79-4429-AA19-7B719408B109}.Debug|x86.ActiveCfg = Debug|Any CPU
		{097179A4-7C79-4429-AA19-7B719408B109}.Debug|x86.Build.0 = Debug|Any CPU
		{097179A4-7C79-4429-AA19-7B719408B109}.Release|Any CPU.ActiveCfg = Release|Any CPU
		{097179A4-7C79-4429-AA19-7B719408B109}.Release|Any CPU.Build.0 = Release|Any CPU
		{097179A4-7C79-4429-AA19-7B719408B109}.Release|x64.ActiveCfg = Release|Any CPU
		{097179A4-7C79-4429-AA19-7B719408B109}.Release|x64.Build.0 = Release|Any CPU
		{097179A4-7C79-4429-AA19-7B719408B109}.Release|x86.ActiveCfg = Release|Any CPU
		{097179A4-7C79-4429-AA19-7B719408B109}.Release|x86.Build.0 = Release|Any CPU
		{CCAB782C-4EAA-441B-8FCE-3D313C35FF03}.Debug|Any CPU.ActiveCfg = Debug|Any CPU
		{CCAB782C-4EAA-441B-8FCE-3D313C35FF03}.Debug|Any CPU.Build.0 = Debug|Any CPU
		{CCAB782C-4EAA-441B-8FCE-3D313C35FF03}.Debug|x64.ActiveCfg = Debug|Any CPU
		{CCAB782C-4EAA-441B-8FCE-3D313C35FF03}.Debug|x64.Build.0 = Debug|Any CPU
		{CCAB782C-4EAA-441B-8FCE-3D313C35FF03}.Debug|x86.ActiveCfg = Debug|Any CPU
		{CCAB782C-4EAA-441B-8FCE-3D313C35FF03}.Debug|x86.Build.0 = Debug|Any CPU
		{CCAB782C-4EAA-441B-8FCE-3D313C35FF03}.Release|Any CPU.ActiveCfg = Release|Any CPU
		{CCAB782C-4EAA-441B-8FCE-3D313C35FF03}.Release|Any CPU.Build.0 = Release|Any CPU
		{CCAB782C-4EAA-441B-8FCE-3D313C35FF03}.Release|x64.ActiveCfg = Release|Any CPU
		{CCAB782C-4EAA-441B-8FCE-3D313C35FF03}.Release|x64.Build.0 = Release|Any CPU
		{CCAB782C-4EAA-441B-8FCE-3D313C35FF03}.Release|x86.ActiveCfg = Release|Any CPU
		{CCAB782C-4EAA-441B-8FCE-3D313C35FF03}.Release|x86.Build.0 = Release|Any CPU
		{E39D8DF8-AC8A-49EF-A8C5-D12C6F6632C7}.Debug|Any CPU.ActiveCfg = Debug|Any CPU
		{E39D8DF8-AC8A-49EF-A8C5-D12C6F6632C7}.Debug|Any CPU.Build.0 = Debug|Any CPU
		{E39D8DF8-AC8A-49EF-A8C5-D12C6F6632C7}.Debug|x64.ActiveCfg = Debug|Any CPU
		{E39D8DF8-AC8A-49EF-A8C5-D12C6F6632C7}.Debug|x64.Build.0 = Debug|Any CPU
		{E39D8DF8-AC8A-49EF-A8C5-D12C6F6632C7}.Debug|x86.ActiveCfg = Debug|Any CPU
		{E39D8DF8-AC8A-49EF-A8C5-D12C6F6632C7}.Debug|x86.Build.0 = Debug|Any CPU
		{E39D8DF8-AC8A-49EF-A8C5-D12C6F6632C7}.Release|Any CPU.ActiveCfg = Release|Any CPU
		{E39D8DF8-AC8A-49EF-A8C5-D12C6F6632C7}.Release|Any CPU.Build.0 = Release|Any CPU
		{E39D8DF8-AC8A-49EF-A8C5-D12C6F6632C7}.Release|x64.ActiveCfg = Release|Any CPU
		{E39D8DF8-AC8A-49EF-A8C5-D12C6F6632C7}.Release|x64.Build.0 = Release|Any CPU
		{E39D8DF8-AC8A-49EF-A8C5-D12C6F6632C7}.Release|x86.ActiveCfg = Release|Any CPU
		{E39D8DF8-AC8A-49EF-A8C5-D12C6F6632C7}.Release|x86.Build.0 = Release|Any CPU
	EndGlobalSection
	GlobalSection(SolutionProperties) = preSolution
		HideSolutionNode = FALSE
	EndGlobalSection
	GlobalSection(NestedProjects) = preSolution
		{4FE4C4A7-213B-4397-94F1-6B97F990C0E7} = {827E0CD3-B72D-47B6-A68D-7590B98EB39B}
		{097179A4-7C79-4429-AA19-7B719408B109} = {827E0CD3-B72D-47B6-A68D-7590B98EB39B}
		{CCAB782C-4EAA-441B-8FCE-3D313C35FF03} = {827E0CD3-B72D-47B6-A68D-7590B98EB39B}
		{E39D8DF8-AC8A-49EF-A8C5-D12C6F6632C7} = {0AB3BF05-4346-4AA6-1389-037BE0695223}
	EndGlobalSection
EndGlobal
